{
  "originHash" : "1ee9c1da20e647fe4d971fda2b8f7762d5f0aedaf9c8e8bc76c86997b3d034f9",
  "pins" : [
    {
      "identity" : "plate",
      "kind" : "remoteSourceControl",
      "location" : "https://github.com/leviouwendijk/plate.git",
      "state" : {
        "branch" : "master",
        "revision" : "5642b4f547ee9a1a015bc5519ccd358750cc2298"
      }
    }
  ],
  "version" : 3
}
