{
  "originHash" : "440404db888d385eeb9c364a4b9ec9971a7141554c1c07d514c29680ee489805",
  "pins" : [
    {
      "identity" : "plate",
      "kind" : "remoteSourceControl",
      "location" : "https://github.com/leviouwendijk/plate.git",
      "state" : {
        "branch" : "master",
        "revision" : "35e146b69bc30566f3ddb51138b290a671003051"
      }
    },
    {
      "identity" : "structures",
      "kind" : "remoteSourceControl",
      "location" : "https://github.com/leviouwendijk/Structures.git",
      "state" : {
        "branch" : "master",
        "revision" : "738bc4bb60374f9139eccb15b99db66547d53c17"
      }
    }
  ],
  "version" : 3
}
