{
  "originHash" : "440404db888d385eeb9c364a4b9ec9971a7141554c1c07d514c29680ee489805",
  "pins" : [
    {
      "identity" : "plate",
      "kind" : "remoteSourceControl",
      "location" : "https://github.com/leviouwendijk/plate.git",
      "state" : {
        "branch" : "master",
        "revision" : "1f3e12ffbb7265f40b487a6d1235157574d49bc6"
      }
    },
    {
      "identity" : "structures",
      "kind" : "remoteSourceControl",
      "location" : "https://github.com/leviouwendijk/Structures.git",
      "state" : {
        "branch" : "master",
        "revision" : "28a7e089e9508b6229e71bea8fef30f4371fbe53"
      }
    }
  ],
  "version" : 3
}
